# THIS IS AN AUTOGENERATED FILE. DO NOT EDIT THIS FILE DIRECTLY.
# yarn lockfile v1


"@types/lodash@^4.14.141":
  version "4.14.141"
  resolved "https://registry.yarnpkg.com/@types/lodash/-/lodash-4.14.141.tgz#d81f4d0c562abe28713406b571ffb27692a82ae6"
  integrity sha512-v5NYIi9qEbFEUpCyikmnOYe4YlP8BMUdTcNCAquAKzu+FA7rZ1onj9x80mbnDdOW/K5bFf3Tv5kJplP33+gAbQ==

lodash@^4.17.15:
  version "4.17.15"
  resolved "https://registry.yarnpkg.com/lodash/-/lodash-4.17.15.tgz#b447f6670a0455bbfeedd11392eff330ea097548"
  integrity sha512-8xOcRHvCjnocdS5cpwXQXVzmmh5e5+saE2QGoeQmbKmRS6J3VQppPOIt0MnmE+4xlZoumy0GPG0D0MVIQbNA1A==
